
Microsoft Visual Studio Solution File, Format Version 12.00
# Visual Studio Version 16
VisualStudioVersion = 16.0.30621.155
MinimumVisualStudioVersion = 10.0.40219.1
Project("{FAE04EC0-301F-11D3-BF4B-00C04F79EFBC}") = "Prime", "Prime\Prime.csproj", "{0BCFC3E5-3C61-4954-817C-8C99BAAAF2BC}"
EndProject
Global
	GlobalSection(SolutionConfigurationPlatforms) = preSolution
		Debug|Any CPU = Debug|Any CPU
		Release|Any CPU = Release|Any CPU
	EndGlobalSection
	GlobalSection(ProjectConfigurationPlatforms) = postSolution
		{0BCFC3E5-3C61-4954-817C-8C99BAAAF2BC}.Debug|Any CPU.ActiveCfg = Debug|Any CPU
		{0BCFC3E5-3C61-4954-817C-8C99BAAAF2BC}.Debug|Any CPU.Build.0 = Debug|Any CPU
		{0BCFC3E5-3C61-4954-817C-8C99BAAAF2BC}.Release|Any CPU.ActiveCfg = Release|Any CPU
		{0BCFC3E5-3C61-4954-817C-8C99BAAAF2BC}.Release|Any CPU.Build.0 = Release|Any CPU
	EndGlobalSection
	GlobalSection(SolutionProperties) = preSolution
		HideSolutionNode = FALSE
	EndGlobalSection
	GlobalSection(ExtensibilityGlobals) = postSolution
		SolutionGuid = {D9A41E60-E752-4BC8-9D75-FAFAD3A3DFE4}
	EndGlobalSection
EndGlobal
